
Microsoft Visual Studio Solution File, Format Version 12.00
Project("{FAE04EC0-301F-11D3-BF4B-00C04F79EFBC}") = "SOLID_SRP", "SOLID_SRP\SOLID_SRP.csproj", "{D264E7BD-776E-4E4E-BAD5-8181D084EB94}"
EndProject
Project("{FAE04EC0-301F-11D3-BF4B-00C04F79EFBC}") = "SOLID_OCP", "SOLID_OCP\SOLID_OCP.csproj", "{1D6FA397-A81B-451A-97AB-4CA1E2E152F2}"
EndProject
Project("{FAE04EC0-301F-11D3-BF4B-00C04F79EFBC}") = "SOLID_LSP", "SOLID_LSP\SOLID_LSP.csproj", "{FF2039E4-E76A-4447-8D3C-A4773ED12625}"
EndProject
Project("{FAE04EC0-301F-11D3-BF4B-00C04F79EFBC}") = "SOLID_ISP", "SOLID_ISP\SOLID_ISP.csproj", "{AEAC2EDD-2971-4D34-8528-72ABCF5C92A6}"
EndProject
Project("{FAE04EC0-301F-11D3-BF4B-00C04F79EFBC}") = "SOLID_DIP", "SOLID_DIP\SOLID_DIP.csproj", "{45D54F0B-131B-4B4D-8F41-15ADAB95A917}"
EndProject
Project("{FAE04EC0-301F-11D3-BF4B-00C04F79EFBC}") = "DotnetDesignPatterns.Creational.Builder", "DotnetDesignPatterns.Creational.Builder\DotnetDesignPatterns.Creational.Builder.csproj", "{C617BFF2-CFD6-4279-AD6D-577AEB080854}"
EndProject
Project("{FAE04EC0-301F-11D3-BF4B-00C04F79EFBC}") = "DotnetDesignPatterns.Creational.Factories", "DotnetDesignPatterns.Creational.Factories\DotnetDesignPatterns.Creational.Factories.csproj", "{69D4E550-600B-45DA-9BD1-625FC554D6E4}"
EndProject
Project("{FAE04EC0-301F-11D3-BF4B-00C04F79EFBC}") = "DotnetDesignPatterns.Creational.Prototype", "DotnetDesignPatterns.Creational.Prototype\DotnetDesignPatterns.Creational.Prototype.csproj", "{366B7555-1A0D-4CA2-AFDD-C349E2733511}"
EndProject
Project("{FAE04EC0-301F-11D3-BF4B-00C04F79EFBC}") = "DotnetDesignPatterns.Structural.Adapter", "DotnetDesignPatterns.Structural.Adapter\DotnetDesignPatterns.Structural.Adapter.csproj", "{35EA0C65-7CDF-483E-85BB-BC470B3A5DBC}"
EndProject
Project("{FAE04EC0-301F-11D3-BF4B-00C04F79EFBC}") = "DotnetDesignPatterns.Structural.Bridge", "DotnetDesignPatterns.Structural.Bridge\DotnetDesignPatterns.Structural.Bridge.csproj", "{22962560-9901-4D6E-864B-FE838248D71F}"
EndProject
Project("{FAE04EC0-301F-11D3-BF4B-00C04F79EFBC}") = "DotnetDesignPatterns.Structural.Composite", "DotnetDesignPatterns.Structural.Composite\DotnetDesignPatterns.Structural.Composite.csproj", "{1F84026E-8DEE-4E8A-885B-15DC7AA6F8B3}"
EndProject
Project("{FAE04EC0-301F-11D3-BF4B-00C04F79EFBC}") = "DotnetDesignPatterns.Structural.Decorator", "DotnetDesignPatterns.Structural.Decorator\DotnetDesignPatterns.Structural.Decorator.csproj", "{33819BF7-DF25-4F36-BE51-2C138606558F}"
EndProject
Project("{FAE04EC0-301F-11D3-BF4B-00C04F79EFBC}") = "DotnetDesignPatterns.Structural.Flyweight", "DotnetDesignPatterns.Structural.Flyweight\DotnetDesignPatterns.Structural.Flyweight.csproj", "{0D58C19C-33FB-47E5-9C97-A7286D2BD4D0}"
EndProject
Project("{FAE04EC0-301F-11D3-BF4B-00C04F79EFBC}") = "DotnetDesignPatterns.Structural.Proxy", "DotnetDesignPatterns.Structural.Proxy\DotnetDesignPatterns.Structural.Proxy.csproj", "{8E7B5A12-972E-4985-8ABA-BE4AD0A9E0A0}"
EndProject
Project("{FAE04EC0-301F-11D3-BF4B-00C04F79EFBC}") = "Behavioral.ChainOfResponsibility", "Behavioral.ChainOfResponsibility\Behavioral.ChainOfResponsibility.csproj", "{9D992686-7941-4ECE-9C64-904F10B8FF28}"
EndProject
Project("{FAE04EC0-301F-11D3-BF4B-00C04F79EFBC}") = "Behavioral.Command", "Behavioral.Command\Behavioral.Command.csproj", "{91D39973-9BE3-4A13-89F2-3E913D50A32F}"
EndProject
Project("{FAE04EC0-301F-11D3-BF4B-00C04F79EFBC}") = "Behavioral.Interpreter", "Behavioral.Interpreter\Behavioral.Interpreter.csproj", "{642D3A06-79C4-4A72-B162-B6B629D58AC9}"
EndProject
Project("{FAE04EC0-301F-11D3-BF4B-00C04F79EFBC}") = "Behavioral.Iterator", "Behavioral.Iterator\Behavioral.Iterator.csproj", "{4592121A-A9D4-4342-AE1E-DB5AC3002B4A}"
EndProject
Project("{FAE04EC0-301F-11D3-BF4B-00C04F79EFBC}") = "Behavioral.Mediator", "Behavioral.Mediator\Behavioral.Mediator.csproj", "{ED976932-6AE1-485A-8F69-AC557178BDD1}"
EndProject
Project("{FAE04EC0-301F-11D3-BF4B-00C04F79EFBC}") = "Behavioral.Memento", "Behavioral.Memento\Behavioral.Memento.csproj", "{B33F0950-1143-4639-9BF7-4E4065CB40E1}"
EndProject
Project("{FAE04EC0-301F-11D3-BF4B-00C04F79EFBC}") = "Behavioral.NullObject", "Behavioral.NullObject\Behavioral.NullObject.csproj", "{A2C4F3D1-B4FF-4722-B974-64C120284776}"
EndProject
Project("{FAE04EC0-301F-11D3-BF4B-00C04F79EFBC}") = "Behavioral.Observer", "Behavioral.Observer\Behavioral.Observer.csproj", "{5799480F-AF47-4809-AC28-D7DA52209717}"
EndProject
Project("{FAE04EC0-301F-11D3-BF4B-00C04F79EFBC}") = "Behavioral.State", "Behavioral.State\Behavioral.State.csproj", "{C4A2CABA-AB83-4E79-BF78-19870779FAFF}"
EndProject
Project("{FAE04EC0-301F-11D3-BF4B-00C04F79EFBC}") = "Behavioral.Strategy", "Behavioral.Strategy\Behavioral.Strategy.csproj", "{83D5BB93-8BEA-4BDE-B97A-FE216515BAD7}"
EndProject
Global
	GlobalSection(SolutionConfigurationPlatforms) = preSolution
		Debug|Any CPU = Debug|Any CPU
		Release|Any CPU = Release|Any CPU
	EndGlobalSection
	GlobalSection(ProjectConfigurationPlatforms) = postSolution
		{D264E7BD-776E-4E4E-BAD5-8181D084EB94}.Debug|Any CPU.ActiveCfg = Debug|Any CPU
		{D264E7BD-776E-4E4E-BAD5-8181D084EB94}.Debug|Any CPU.Build.0 = Debug|Any CPU
		{D264E7BD-776E-4E4E-BAD5-8181D084EB94}.Release|Any CPU.ActiveCfg = Release|Any CPU
		{D264E7BD-776E-4E4E-BAD5-8181D084EB94}.Release|Any CPU.Build.0 = Release|Any CPU
		{1D6FA397-A81B-451A-97AB-4CA1E2E152F2}.Debug|Any CPU.ActiveCfg = Debug|Any CPU
		{1D6FA397-A81B-451A-97AB-4CA1E2E152F2}.Debug|Any CPU.Build.0 = Debug|Any CPU
		{1D6FA397-A81B-451A-97AB-4CA1E2E152F2}.Release|Any CPU.ActiveCfg = Release|Any CPU
		{1D6FA397-A81B-451A-97AB-4CA1E2E152F2}.Release|Any CPU.Build.0 = Release|Any CPU
		{FF2039E4-E76A-4447-8D3C-A4773ED12625}.Debug|Any CPU.ActiveCfg = Debug|Any CPU
		{FF2039E4-E76A-4447-8D3C-A4773ED12625}.Debug|Any CPU.Build.0 = Debug|Any CPU
		{FF2039E4-E76A-4447-8D3C-A4773ED12625}.Release|Any CPU.ActiveCfg = Release|Any CPU
		{FF2039E4-E76A-4447-8D3C-A4773ED12625}.Release|Any CPU.Build.0 = Release|Any CPU
		{AEAC2EDD-2971-4D34-8528-72ABCF5C92A6}.Debug|Any CPU.ActiveCfg = Debug|Any CPU
		{AEAC2EDD-2971-4D34-8528-72ABCF5C92A6}.Debug|Any CPU.Build.0 = Debug|Any CPU
		{AEAC2EDD-2971-4D34-8528-72ABCF5C92A6}.Release|Any CPU.ActiveCfg = Release|Any CPU
		{AEAC2EDD-2971-4D34-8528-72ABCF5C92A6}.Release|Any CPU.Build.0 = Release|Any CPU
		{45D54F0B-131B-4B4D-8F41-15ADAB95A917}.Debug|Any CPU.ActiveCfg = Debug|Any CPU
		{45D54F0B-131B-4B4D-8F41-15ADAB95A917}.Debug|Any CPU.Build.0 = Debug|Any CPU
		{45D54F0B-131B-4B4D-8F41-15ADAB95A917}.Release|Any CPU.ActiveCfg = Release|Any CPU
		{45D54F0B-131B-4B4D-8F41-15ADAB95A917}.Release|Any CPU.Build.0 = Release|Any CPU
		{C617BFF2-CFD6-4279-AD6D-577AEB080854}.Debug|Any CPU.ActiveCfg = Debug|Any CPU
		{C617BFF2-CFD6-4279-AD6D-577AEB080854}.Debug|Any CPU.Build.0 = Debug|Any CPU
		{C617BFF2-CFD6-4279-AD6D-577AEB080854}.Release|Any CPU.ActiveCfg = Release|Any CPU
		{C617BFF2-CFD6-4279-AD6D-577AEB080854}.Release|Any CPU.Build.0 = Release|Any CPU
		{69D4E550-600B-45DA-9BD1-625FC554D6E4}.Debug|Any CPU.ActiveCfg = Debug|Any CPU
		{69D4E550-600B-45DA-9BD1-625FC554D6E4}.Debug|Any CPU.Build.0 = Debug|Any CPU
		{69D4E550-600B-45DA-9BD1-625FC554D6E4}.Release|Any CPU.ActiveCfg = Release|Any CPU
		{69D4E550-600B-45DA-9BD1-625FC554D6E4}.Release|Any CPU.Build.0 = Release|Any CPU
		{366B7555-1A0D-4CA2-AFDD-C349E2733511}.Debug|Any CPU.ActiveCfg = Debug|Any CPU
		{366B7555-1A0D-4CA2-AFDD-C349E2733511}.Debug|Any CPU.Build.0 = Debug|Any CPU
		{366B7555-1A0D-4CA2-AFDD-C349E2733511}.Release|Any CPU.ActiveCfg = Release|Any CPU
		{366B7555-1A0D-4CA2-AFDD-C349E2733511}.Release|Any CPU.Build.0 = Release|Any CPU
		{35EA0C65-7CDF-483E-85BB-BC470B3A5DBC}.Debug|Any CPU.ActiveCfg = Debug|Any CPU
		{35EA0C65-7CDF-483E-85BB-BC470B3A5DBC}.Debug|Any CPU.Build.0 = Debug|Any CPU
		{35EA0C65-7CDF-483E-85BB-BC470B3A5DBC}.Release|Any CPU.ActiveCfg = Release|Any CPU
		{35EA0C65-7CDF-483E-85BB-BC470B3A5DBC}.Release|Any CPU.Build.0 = Release|Any CPU
		{22962560-9901-4D6E-864B-FE838248D71F}.Debug|Any CPU.ActiveCfg = Debug|Any CPU
		{22962560-9901-4D6E-864B-FE838248D71F}.Debug|Any CPU.Build.0 = Debug|Any CPU
		{22962560-9901-4D6E-864B-FE838248D71F}.Release|Any CPU.ActiveCfg = Release|Any CPU
		{22962560-9901-4D6E-864B-FE838248D71F}.Release|Any CPU.Build.0 = Release|Any CPU
		{1F84026E-8DEE-4E8A-885B-15DC7AA6F8B3}.Debug|Any CPU.ActiveCfg = Debug|Any CPU
		{1F84026E-8DEE-4E8A-885B-15DC7AA6F8B3}.Debug|Any CPU.Build.0 = Debug|Any CPU
		{1F84026E-8DEE-4E8A-885B-15DC7AA6F8B3}.Release|Any CPU.ActiveCfg = Release|Any CPU
		{1F84026E-8DEE-4E8A-885B-15DC7AA6F8B3}.Release|Any CPU.Build.0 = Release|Any CPU
		{33819BF7-DF25-4F36-BE51-2C138606558F}.Debug|Any CPU.ActiveCfg = Debug|Any CPU
		{33819BF7-DF25-4F36-BE51-2C138606558F}.Debug|Any CPU.Build.0 = Debug|Any CPU
		{33819BF7-DF25-4F36-BE51-2C138606558F}.Release|Any CPU.ActiveCfg = Release|Any CPU
		{33819BF7-DF25-4F36-BE51-2C138606558F}.Release|Any CPU.Build.0 = Release|Any CPU
		{0D58C19C-33FB-47E5-9C97-A7286D2BD4D0}.Debug|Any CPU.ActiveCfg = Debug|Any CPU
		{0D58C19C-33FB-47E5-9C97-A7286D2BD4D0}.Debug|Any CPU.Build.0 = Debug|Any CPU
		{0D58C19C-33FB-47E5-9C97-A7286D2BD4D0}.Release|Any CPU.ActiveCfg = Release|Any CPU
		{0D58C19C-33FB-47E5-9C97-A7286D2BD4D0}.Release|Any CPU.Build.0 = Release|Any CPU
		{8E7B5A12-972E-4985-8ABA-BE4AD0A9E0A0}.Debug|Any CPU.ActiveCfg = Debug|Any CPU
		{8E7B5A12-972E-4985-8ABA-BE4AD0A9E0A0}.Debug|Any CPU.Build.0 = Debug|Any CPU
		{8E7B5A12-972E-4985-8ABA-BE4AD0A9E0A0}.Release|Any CPU.ActiveCfg = Release|Any CPU
		{8E7B5A12-972E-4985-8ABA-BE4AD0A9E0A0}.Release|Any CPU.Build.0 = Release|Any CPU
		{9D992686-7941-4ECE-9C64-904F10B8FF28}.Debug|Any CPU.ActiveCfg = Debug|Any CPU
		{9D992686-7941-4ECE-9C64-904F10B8FF28}.Debug|Any CPU.Build.0 = Debug|Any CPU
		{9D992686-7941-4ECE-9C64-904F10B8FF28}.Release|Any CPU.ActiveCfg = Release|Any CPU
		{9D992686-7941-4ECE-9C64-904F10B8FF28}.Release|Any CPU.Build.0 = Release|Any CPU
		{91D39973-9BE3-4A13-89F2-3E913D50A32F}.Debug|Any CPU.ActiveCfg = Debug|Any CPU
		{91D39973-9BE3-4A13-89F2-3E913D50A32F}.Debug|Any CPU.Build.0 = Debug|Any CPU
		{91D39973-9BE3-4A13-89F2-3E913D50A32F}.Release|Any CPU.ActiveCfg = Release|Any CPU
		{91D39973-9BE3-4A13-89F2-3E913D50A32F}.Release|Any CPU.Build.0 = Release|Any CPU
		{642D3A06-79C4-4A72-B162-B6B629D58AC9}.Debug|Any CPU.ActiveCfg = Debug|Any CPU
		{642D3A06-79C4-4A72-B162-B6B629D58AC9}.Debug|Any CPU.Build.0 = Debug|Any CPU
		{642D3A06-79C4-4A72-B162-B6B629D58AC9}.Release|Any CPU.ActiveCfg = Release|Any CPU
		{642D3A06-79C4-4A72-B162-B6B629D58AC9}.Release|Any CPU.Build.0 = Release|Any CPU
		{4592121A-A9D4-4342-AE1E-DB5AC3002B4A}.Debug|Any CPU.ActiveCfg = Debug|Any CPU
		{4592121A-A9D4-4342-AE1E-DB5AC3002B4A}.Debug|Any CPU.Build.0 = Debug|Any CPU
		{4592121A-A9D4-4342-AE1E-DB5AC3002B4A}.Release|Any CPU.ActiveCfg = Release|Any CPU
		{4592121A-A9D4-4342-AE1E-DB5AC3002B4A}.Release|Any CPU.Build.0 = Release|Any CPU
		{ED976932-6AE1-485A-8F69-AC557178BDD1}.Debug|Any CPU.ActiveCfg = Debug|Any CPU
		{ED976932-6AE1-485A-8F69-AC557178BDD1}.Debug|Any CPU.Build.0 = Debug|Any CPU
		{ED976932-6AE1-485A-8F69-AC557178BDD1}.Release|Any CPU.ActiveCfg = Release|Any CPU
		{ED976932-6AE1-485A-8F69-AC557178BDD1}.Release|Any CPU.Build.0 = Release|Any CPU
		{B33F0950-1143-4639-9BF7-4E4065CB40E1}.Debug|Any CPU.ActiveCfg = Debug|Any CPU
		{B33F0950-1143-4639-9BF7-4E4065CB40E1}.Debug|Any CPU.Build.0 = Debug|Any CPU
		{B33F0950-1143-4639-9BF7-4E4065CB40E1}.Release|Any CPU.ActiveCfg = Release|Any CPU
		{B33F0950-1143-4639-9BF7-4E4065CB40E1}.Release|Any CPU.Build.0 = Release|Any CPU
		{A2C4F3D1-B4FF-4722-B974-64C120284776}.Debug|Any CPU.ActiveCfg = Debug|Any CPU
		{A2C4F3D1-B4FF-4722-B974-64C120284776}.Debug|Any CPU.Build.0 = Debug|Any CPU
		{A2C4F3D1-B4FF-4722-B974-64C120284776}.Release|Any CPU.ActiveCfg = Release|Any CPU
		{A2C4F3D1-B4FF-4722-B974-64C120284776}.Release|Any CPU.Build.0 = Release|Any CPU
		{5799480F-AF47-4809-AC28-D7DA52209717}.Debug|Any CPU.ActiveCfg = Debug|Any CPU
		{5799480F-AF47-4809-AC28-D7DA52209717}.Debug|Any CPU.Build.0 = Debug|Any CPU
		{5799480F-AF47-4809-AC28-D7DA52209717}.Release|Any CPU.ActiveCfg = Release|Any CPU
		{5799480F-AF47-4809-AC28-D7DA52209717}.Release|Any CPU.Build.0 = Release|Any CPU
		{C4A2CABA-AB83-4E79-BF78-19870779FAFF}.Debug|Any CPU.ActiveCfg = Debug|Any CPU
		{C4A2CABA-AB83-4E79-BF78-19870779FAFF}.Debug|Any CPU.Build.0 = Debug|Any CPU
		{C4A2CABA-AB83-4E79-BF78-19870779FAFF}.Release|Any CPU.ActiveCfg = Release|Any CPU
		{C4A2CABA-AB83-4E79-BF78-19870779FAFF}.Release|Any CPU.Build.0 = Release|Any CPU
		{83D5BB93-8BEA-4BDE-B97A-FE216515BAD7}.Debug|Any CPU.ActiveCfg = Debug|Any CPU
		{83D5BB93-8BEA-4BDE-B97A-FE216515BAD7}.Debug|Any CPU.Build.0 = Debug|Any CPU
		{83D5BB93-8BEA-4BDE-B97A-FE216515BAD7}.Release|Any CPU.ActiveCfg = Release|Any CPU
		{83D5BB93-8BEA-4BDE-B97A-FE216515BAD7}.Release|Any CPU.Build.0 = Release|Any CPU
	EndGlobalSection
EndGlobal
