
Microsoft Visual Studio Solution File, Format Version 12.00
Project("{FAE04EC0-301F-11D3-BF4B-00C04F79EFBC}") = "SOLID_SRP", "SOLID_SRP\SOLID_SRP.csproj", "{D264E7BD-776E-4E4E-BAD5-8181D084EB94}"
EndProject
Project("{FAE04EC0-301F-11D3-BF4B-00C04F79EFBC}") = "SOLID_OCP", "SOLID_OCP\SOLID_OCP.csproj", "{1D6FA397-A81B-451A-97AB-4CA1E2E152F2}"
EndProject
Project("{FAE04EC0-301F-11D3-BF4B-00C04F79EFBC}") = "SOLID_LSP", "SOLID_LSP\SOLID_LSP.csproj", "{FF2039E4-E76A-4447-8D3C-A4773ED12625}"
EndProject
Project("{FAE04EC0-301F-11D3-BF4B-00C04F79EFBC}") = "SOLID_ISP", "SOLID_ISP\SOLID_ISP.csproj", "{AEAC2EDD-2971-4D34-8528-72ABCF5C92A6}"
EndProject
Project("{FAE04EC0-301F-11D3-BF4B-00C04F79EFBC}") = "SOLID_DIP", "SOLID_DIP\SOLID_DIP.csproj", "{45D54F0B-131B-4B4D-8F41-15ADAB95A917}"
EndProject
Project("{FAE04EC0-301F-11D3-BF4B-00C04F79EFBC}") = "DotnetDesignPatterns.Creational.Builder", "DotnetDesignPatterns.Creational.Builder\DotnetDesignPatterns.Creational.Builder.csproj", "{C617BFF2-CFD6-4279-AD6D-577AEB080854}"
EndProject
Project("{FAE04EC0-301F-11D3-BF4B-00C04F79EFBC}") = "DotnetDesignPatterns.Creational.Factories", "DotnetDesignPatterns.Creational.Factories\DotnetDesignPatterns.Creational.Factories.csproj", "{69D4E550-600B-45DA-9BD1-625FC554D6E4}"
EndProject
Project("{FAE04EC0-301F-11D3-BF4B-00C04F79EFBC}") = "DotnetDesignPatterns.Creational.Prototype", "DotnetDesignPatterns.Creational.Prototype\DotnetDesignPatterns.Creational.Prototype.csproj", "{366B7555-1A0D-4CA2-AFDD-C349E2733511}"
EndProject
Project("{FAE04EC0-301F-11D3-BF4B-00C04F79EFBC}") = "DotnetDesignPatterns.Structural.Adapter", "DotnetDesignPatterns.Structural.Adapter\DotnetDesignPatterns.Structural.Adapter.csproj", "{35EA0C65-7CDF-483E-85BB-BC470B3A5DBC}"
EndProject
Project("{FAE04EC0-301F-11D3-BF4B-00C04F79EFBC}") = "DotnetDesignPatterns.Structural.Bridge", "DotnetDesignPatterns.Structural.Bridge\DotnetDesignPatterns.Structural.Bridge.csproj", "{22962560-9901-4D6E-864B-FE838248D71F}"
EndProject
Project("{FAE04EC0-301F-11D3-BF4B-00C04F79EFBC}") = "DotnetDesignPatterns.Structural.Composite", "DotnetDesignPatterns.Structural.Composite\DotnetDesignPatterns.Structural.Composite.csproj", "{1F84026E-8DEE-4E8A-885B-15DC7AA6F8B3}"
EndProject
Project("{FAE04EC0-301F-11D3-BF4B-00C04F79EFBC}") = "DotnetDesignPatterns.Structural.Decorator", "DotnetDesignPatterns.Structural.Decorator\DotnetDesignPatterns.Structural.Decorator.csproj", "{33819BF7-DF25-4F36-BE51-2C138606558F}"
EndProject
Project("{FAE04EC0-301F-11D3-BF4B-00C04F79EFBC}") = "DotnetDesignPatterns.Structural.Flyweight", "DotnetDesignPatterns.Structural.Flyweight\DotnetDesignPatterns.Structural.Flyweight.csproj", "{0D58C19C-33FB-47E5-9C97-A7286D2BD4D0}"
EndProject
Global
	GlobalSection(SolutionConfigurationPlatforms) = preSolution
		Debug|Any CPU = Debug|Any CPU
		Release|Any CPU = Release|Any CPU
	EndGlobalSection
	GlobalSection(ProjectConfigurationPlatforms) = postSolution
		{D264E7BD-776E-4E4E-BAD5-8181D084EB94}.Debug|Any CPU.ActiveCfg = Debug|Any CPU
		{D264E7BD-776E-4E4E-BAD5-8181D084EB94}.Debug|Any CPU.Build.0 = Debug|Any CPU
		{D264E7BD-776E-4E4E-BAD5-8181D084EB94}.Release|Any CPU.ActiveCfg = Release|Any CPU
		{D264E7BD-776E-4E4E-BAD5-8181D084EB94}.Release|Any CPU.Build.0 = Release|Any CPU
		{1D6FA397-A81B-451A-97AB-4CA1E2E152F2}.Debug|Any CPU.ActiveCfg = Debug|Any CPU
		{1D6FA397-A81B-451A-97AB-4CA1E2E152F2}.Debug|Any CPU.Build.0 = Debug|Any CPU
		{1D6FA397-A81B-451A-97AB-4CA1E2E152F2}.Release|Any CPU.ActiveCfg = Release|Any CPU
		{1D6FA397-A81B-451A-97AB-4CA1E2E152F2}.Release|Any CPU.Build.0 = Release|Any CPU
		{FF2039E4-E76A-4447-8D3C-A4773ED12625}.Debug|Any CPU.ActiveCfg = Debug|Any CPU
		{FF2039E4-E76A-4447-8D3C-A4773ED12625}.Debug|Any CPU.Build.0 = Debug|Any CPU
		{FF2039E4-E76A-4447-8D3C-A4773ED12625}.Release|Any CPU.ActiveCfg = Release|Any CPU
		{FF2039E4-E76A-4447-8D3C-A4773ED12625}.Release|Any CPU.Build.0 = Release|Any CPU
		{AEAC2EDD-2971-4D34-8528-72ABCF5C92A6}.Debug|Any CPU.ActiveCfg = Debug|Any CPU
		{AEAC2EDD-2971-4D34-8528-72ABCF5C92A6}.Debug|Any CPU.Build.0 = Debug|Any CPU
		{AEAC2EDD-2971-4D34-8528-72ABCF5C92A6}.Release|Any CPU.ActiveCfg = Release|Any CPU
		{AEAC2EDD-2971-4D34-8528-72ABCF5C92A6}.Release|Any CPU.Build.0 = Release|Any CPU
		{45D54F0B-131B-4B4D-8F41-15ADAB95A917}.Debug|Any CPU.ActiveCfg = Debug|Any CPU
		{45D54F0B-131B-4B4D-8F41-15ADAB95A917}.Debug|Any CPU.Build.0 = Debug|Any CPU
		{45D54F0B-131B-4B4D-8F41-15ADAB95A917}.Release|Any CPU.ActiveCfg = Release|Any CPU
		{45D54F0B-131B-4B4D-8F41-15ADAB95A917}.Release|Any CPU.Build.0 = Release|Any CPU
		{C617BFF2-CFD6-4279-AD6D-577AEB080854}.Debug|Any CPU.ActiveCfg = Debug|Any CPU
		{C617BFF2-CFD6-4279-AD6D-577AEB080854}.Debug|Any CPU.Build.0 = Debug|Any CPU
		{C617BFF2-CFD6-4279-AD6D-577AEB080854}.Release|Any CPU.ActiveCfg = Release|Any CPU
		{C617BFF2-CFD6-4279-AD6D-577AEB080854}.Release|Any CPU.Build.0 = Release|Any CPU
		{69D4E550-600B-45DA-9BD1-625FC554D6E4}.Debug|Any CPU.ActiveCfg = Debug|Any CPU
		{69D4E550-600B-45DA-9BD1-625FC554D6E4}.Debug|Any CPU.Build.0 = Debug|Any CPU
		{69D4E550-600B-45DA-9BD1-625FC554D6E4}.Release|Any CPU.ActiveCfg = Release|Any CPU
		{69D4E550-600B-45DA-9BD1-625FC554D6E4}.Release|Any CPU.Build.0 = Release|Any CPU
		{366B7555-1A0D-4CA2-AFDD-C349E2733511}.Debug|Any CPU.ActiveCfg = Debug|Any CPU
		{366B7555-1A0D-4CA2-AFDD-C349E2733511}.Debug|Any CPU.Build.0 = Debug|Any CPU
		{366B7555-1A0D-4CA2-AFDD-C349E2733511}.Release|Any CPU.ActiveCfg = Release|Any CPU
		{366B7555-1A0D-4CA2-AFDD-C349E2733511}.Release|Any CPU.Build.0 = Release|Any CPU
		{35EA0C65-7CDF-483E-85BB-BC470B3A5DBC}.Debug|Any CPU.ActiveCfg = Debug|Any CPU
		{35EA0C65-7CDF-483E-85BB-BC470B3A5DBC}.Debug|Any CPU.Build.0 = Debug|Any CPU
		{35EA0C65-7CDF-483E-85BB-BC470B3A5DBC}.Release|Any CPU.ActiveCfg = Release|Any CPU
		{35EA0C65-7CDF-483E-85BB-BC470B3A5DBC}.Release|Any CPU.Build.0 = Release|Any CPU
		{22962560-9901-4D6E-864B-FE838248D71F}.Debug|Any CPU.ActiveCfg = Debug|Any CPU
		{22962560-9901-4D6E-864B-FE838248D71F}.Debug|Any CPU.Build.0 = Debug|Any CPU
		{22962560-9901-4D6E-864B-FE838248D71F}.Release|Any CPU.ActiveCfg = Release|Any CPU
		{22962560-9901-4D6E-864B-FE838248D71F}.Release|Any CPU.Build.0 = Release|Any CPU
		{1F84026E-8DEE-4E8A-885B-15DC7AA6F8B3}.Debug|Any CPU.ActiveCfg = Debug|Any CPU
		{1F84026E-8DEE-4E8A-885B-15DC7AA6F8B3}.Debug|Any CPU.Build.0 = Debug|Any CPU
		{1F84026E-8DEE-4E8A-885B-15DC7AA6F8B3}.Release|Any CPU.ActiveCfg = Release|Any CPU
		{1F84026E-8DEE-4E8A-885B-15DC7AA6F8B3}.Release|Any CPU.Build.0 = Release|Any CPU
		{33819BF7-DF25-4F36-BE51-2C138606558F}.Debug|Any CPU.ActiveCfg = Debug|Any CPU
		{33819BF7-DF25-4F36-BE51-2C138606558F}.Debug|Any CPU.Build.0 = Debug|Any CPU
		{33819BF7-DF25-4F36-BE51-2C138606558F}.Release|Any CPU.ActiveCfg = Release|Any CPU
		{33819BF7-DF25-4F36-BE51-2C138606558F}.Release|Any CPU.Build.0 = Release|Any CPU
		{0D58C19C-33FB-47E5-9C97-A7286D2BD4D0}.Debug|Any CPU.ActiveCfg = Debug|Any CPU
		{0D58C19C-33FB-47E5-9C97-A7286D2BD4D0}.Debug|Any CPU.Build.0 = Debug|Any CPU
		{0D58C19C-33FB-47E5-9C97-A7286D2BD4D0}.Release|Any CPU.ActiveCfg = Release|Any CPU
		{0D58C19C-33FB-47E5-9C97-A7286D2BD4D0}.Release|Any CPU.Build.0 = Release|Any CPU
	EndGlobalSection
EndGlobal
